
Microsoft Visual Studio Solution File, Format Version 12.00
# Visual Studio Version 17
VisualStudioVersion = 17.9.34728.123
MinimumVisualStudioVersion = 10.0.40219.1
Project("{8BC9CEB8-8B4A-11D0-8D11-00A0C91BC942}") = "Projectcpp", "Projectcpp.vcxproj", "{7684F6C4-0946-4333-ACB6-9E36BAD45EA3}"
EndProject
Project("{2150E333-8FDC-42A3-9474-1A3956D46DE8}") = "Ch1", "Ch1", "{A95D8377-BF39-4221-A525-4C66C0B09B1F}"
EndProject
Project("{2150E333-8FDC-42A3-9474-1A3956D46DE8}") = "ToyProject", "ToyProject", "{097CAC70-1BAD-4153-BF4C-A50D6A93A724}"
EndProject
Project("{8BC9CEB8-8B4A-11D0-8D11-00A0C91BC942}") = "ToyProject1", "..\ToyProject1\ToyProject1.vcxproj", "{DBFDA3AC-C4EB-4102-A1B5-8EA56B8FFFDD}"
EndProject
Project("{2150E333-8FDC-42A3-9474-1A3956D46DE8}") = "Ch2", "Ch2", "{F8ABC324-608C-45E3-8864-55C21BF1E751}"
EndProject
Project("{8BC9CEB8-8B4A-11D0-8D11-00A0C91BC942}") = "Ch2", "..\Ch2\Ch2.vcxproj", "{C64611A8-0EFE-46EF-B3D8-9ADAEBA820C4}"
EndProject
Project("{2150E333-8FDC-42A3-9474-1A3956D46DE8}") = "Ch3", "Ch3", "{03B954B6-B10A-49C9-86E3-FDC5A0A41101}"
EndProject
Project("{8BC9CEB8-8B4A-11D0-8D11-00A0C91BC942}") = "Ch3", "..\Ch3\Ch3.vcxproj", "{A468A044-BDB2-4B41-9C11-628A1D75BBAD}"
EndProject
Project("{8BC9CEB8-8B4A-11D0-8D11-00A0C91BC942}") = "Ch4", "..\Ch4\Ch4.vcxproj", "{2D5CBADB-2040-4966-9872-2F94B0372D41}"
EndProject
Project("{8BC9CEB8-8B4A-11D0-8D11-00A0C91BC942}") = "Ch5", "..\Ch5\Ch5.vcxproj", "{8EE73DA5-F0FF-4DAF-92C3-69383FDD0D92}"
EndProject
Project("{8BC9CEB8-8B4A-11D0-8D11-00A0C91BC942}") = "BattleSystem", "..\BattleSystem\BattleSystem.vcxproj", "{20112A8C-5790-4449-977C-1F3BCDA37721}"
EndProject
Project("{8BC9CEB8-8B4A-11D0-8D11-00A0C91BC942}") = "ch6", "..\ch6\ch6.vcxproj", "{E24069F6-9410-429B-B0AA-C66767C1C185}"
EndProject
Project("{8BC9CEB8-8B4A-11D0-8D11-00A0C91BC942}") = "Ch7", "..\Ch7\Ch7.vcxproj", "{4CD15377-DF4B-4E7E-B582-851F24933BD4}"
EndProject
Project("{8BC9CEB8-8B4A-11D0-8D11-00A0C91BC942}") = "Ch8", "..\Ch8\Ch8.vcxproj", "{3BF1C89B-22EE-434B-BA9D-12CE253612D8}"
EndProject
Project("{8BC9CEB8-8B4A-11D0-8D11-00A0C91BC942}") = "Ch9", "..\Ch9\Ch9.vcxproj", "{E564F688-BD7C-41F1-8EC0-3B1C73F97398}"
EndProject
Project("{8BC9CEB8-8B4A-11D0-8D11-00A0C91BC942}") = "Ch10", "..\Ch10\Ch10.vcxproj", "{5B807D34-9CF6-44B3-8C41-C7573079F250}"
EndProject
Project("{8BC9CEB8-8B4A-11D0-8D11-00A0C91BC942}") = "Stracraft", "..\Stracraft\Stracraft.vcxproj", "{6E49575A-82FC-423E-9F61-EACF3D20A700}"
EndProject
Project("{8BC9CEB8-8B4A-11D0-8D11-00A0C91BC942}") = "Ch11", "..\Ch11\Ch11.vcxproj", "{3B6ABD55-61EB-4FD2-9D6E-B26068ACCE0C}"
EndProject
Project("{8BC9CEB8-8B4A-11D0-8D11-00A0C91BC942}") = "Ch12", "..\Ch12\Ch12.vcxproj", "{4A35D046-18E9-4F37-8017-D23EAE3265E8}"
EndProject
Global
	GlobalSection(SolutionConfigurationPlatforms) = preSolution
		Debug|x64 = Debug|x64
		Debug|x86 = Debug|x86
		Release|x64 = Release|x64
		Release|x86 = Release|x86
	EndGlobalSection
	GlobalSection(ProjectConfigurationPlatforms) = postSolution
		{7684F6C4-0946-4333-ACB6-9E36BAD45EA3}.Debug|x64.ActiveCfg = Debug|x64
		{7684F6C4-0946-4333-ACB6-9E36BAD45EA3}.Debug|x64.Build.0 = Debug|x64
		{7684F6C4-0946-4333-ACB6-9E36BAD45EA3}.Debug|x86.ActiveCfg = Debug|Win32
		{7684F6C4-0946-4333-ACB6-9E36BAD45EA3}.Debug|x86.Build.0 = Debug|Win32
		{7684F6C4-0946-4333-ACB6-9E36BAD45EA3}.Release|x64.ActiveCfg = Release|x64
		{7684F6C4-0946-4333-ACB6-9E36BAD45EA3}.Release|x64.Build.0 = Release|x64
		{7684F6C4-0946-4333-ACB6-9E36BAD45EA3}.Release|x86.ActiveCfg = Release|Win32
		{7684F6C4-0946-4333-ACB6-9E36BAD45EA3}.Release|x86.Build.0 = Release|Win32
		{DBFDA3AC-C4EB-4102-A1B5-8EA56B8FFFDD}.Debug|x64.ActiveCfg = Debug|x64
		{DBFDA3AC-C4EB-4102-A1B5-8EA56B8FFFDD}.Debug|x64.Build.0 = Debug|x64
		{DBFDA3AC-C4EB-4102-A1B5-8EA56B8FFFDD}.Debug|x86.ActiveCfg = Debug|Win32
		{DBFDA3AC-C4EB-4102-A1B5-8EA56B8FFFDD}.Debug|x86.Build.0 = Debug|Win32
		{DBFDA3AC-C4EB-4102-A1B5-8EA56B8FFFDD}.Release|x64.ActiveCfg = Release|x64
		{DBFDA3AC-C4EB-4102-A1B5-8EA56B8FFFDD}.Release|x64.Build.0 = Release|x64
		{DBFDA3AC-C4EB-4102-A1B5-8EA56B8FFFDD}.Release|x86.ActiveCfg = Release|Win32
		{DBFDA3AC-C4EB-4102-A1B5-8EA56B8FFFDD}.Release|x86.Build.0 = Release|Win32
		{C64611A8-0EFE-46EF-B3D8-9ADAEBA820C4}.Debug|x64.ActiveCfg = Debug|x64
		{C64611A8-0EFE-46EF-B3D8-9ADAEBA820C4}.Debug|x64.Build.0 = Debug|x64
		{C64611A8-0EFE-46EF-B3D8-9ADAEBA820C4}.Debug|x86.ActiveCfg = Debug|Win32
		{C64611A8-0EFE-46EF-B3D8-9ADAEBA820C4}.Debug|x86.Build.0 = Debug|Win32
		{C64611A8-0EFE-46EF-B3D8-9ADAEBA820C4}.Release|x64.ActiveCfg = Release|x64
		{C64611A8-0EFE-46EF-B3D8-9ADAEBA820C4}.Release|x64.Build.0 = Release|x64
		{C64611A8-0EFE-46EF-B3D8-9ADAEBA820C4}.Release|x86.ActiveCfg = Release|Win32
		{C64611A8-0EFE-46EF-B3D8-9ADAEBA820C4}.Release|x86.Build.0 = Release|Win32
		{A468A044-BDB2-4B41-9C11-628A1D75BBAD}.Debug|x64.ActiveCfg = Debug|x64
		{A468A044-BDB2-4B41-9C11-628A1D75BBAD}.Debug|x64.Build.0 = Debug|x64
		{A468A044-BDB2-4B41-9C11-628A1D75BBAD}.Debug|x86.ActiveCfg = Debug|Win32
		{A468A044-BDB2-4B41-9C11-628A1D75BBAD}.Debug|x86.Build.0 = Debug|Win32
		{A468A044-BDB2-4B41-9C11-628A1D75BBAD}.Release|x64.ActiveCfg = Release|x64
		{A468A044-BDB2-4B41-9C11-628A1D75BBAD}.Release|x64.Build.0 = Release|x64
		{A468A044-BDB2-4B41-9C11-628A1D75BBAD}.Release|x86.ActiveCfg = Release|Win32
		{A468A044-BDB2-4B41-9C11-628A1D75BBAD}.Release|x86.Build.0 = Release|Win32
		{2D5CBADB-2040-4966-9872-2F94B0372D41}.Debug|x64.ActiveCfg = Debug|x64
		{2D5CBADB-2040-4966-9872-2F94B0372D41}.Debug|x64.Build.0 = Debug|x64
		{2D5CBADB-2040-4966-9872-2F94B0372D41}.Debug|x86.ActiveCfg = Debug|Win32
		{2D5CBADB-2040-4966-9872-2F94B0372D41}.Debug|x86.Build.0 = Debug|Win32
		{2D5CBADB-2040-4966-9872-2F94B0372D41}.Release|x64.ActiveCfg = Release|x64
		{2D5CBADB-2040-4966-9872-2F94B0372D41}.Release|x64.Build.0 = Release|x64
		{2D5CBADB-2040-4966-9872-2F94B0372D41}.Release|x86.ActiveCfg = Release|Win32
		{2D5CBADB-2040-4966-9872-2F94B0372D41}.Release|x86.Build.0 = Release|Win32
		{8EE73DA5-F0FF-4DAF-92C3-69383FDD0D92}.Debug|x64.ActiveCfg = Debug|x64
		{8EE73DA5-F0FF-4DAF-92C3-69383FDD0D92}.Debug|x64.Build.0 = Debug|x64
		{8EE73DA5-F0FF-4DAF-92C3-69383FDD0D92}.Debug|x86.ActiveCfg = Debug|Win32
		{8EE73DA5-F0FF-4DAF-92C3-69383FDD0D92}.Debug|x86.Build.0 = Debug|Win32
		{8EE73DA5-F0FF-4DAF-92C3-69383FDD0D92}.Release|x64.ActiveCfg = Release|x64
		{8EE73DA5-F0FF-4DAF-92C3-69383FDD0D92}.Release|x64.Build.0 = Release|x64
		{8EE73DA5-F0FF-4DAF-92C3-69383FDD0D92}.Release|x86.ActiveCfg = Release|Win32
		{8EE73DA5-F0FF-4DAF-92C3-69383FDD0D92}.Release|x86.Build.0 = Release|Win32
		{20112A8C-5790-4449-977C-1F3BCDA37721}.Debug|x64.ActiveCfg = Debug|x64
		{20112A8C-5790-4449-977C-1F3BCDA37721}.Debug|x64.Build.0 = Debug|x64
		{20112A8C-5790-4449-977C-1F3BCDA37721}.Debug|x86.ActiveCfg = Debug|Win32
		{20112A8C-5790-4449-977C-1F3BCDA37721}.Debug|x86.Build.0 = Debug|Win32
		{20112A8C-5790-4449-977C-1F3BCDA37721}.Release|x64.ActiveCfg = Release|x64
		{20112A8C-5790-4449-977C-1F3BCDA37721}.Release|x64.Build.0 = Release|x64
		{20112A8C-5790-4449-977C-1F3BCDA37721}.Release|x86.ActiveCfg = Release|Win32
		{20112A8C-5790-4449-977C-1F3BCDA37721}.Release|x86.Build.0 = Release|Win32
		{E24069F6-9410-429B-B0AA-C66767C1C185}.Debug|x64.ActiveCfg = Debug|x64
		{E24069F6-9410-429B-B0AA-C66767C1C185}.Debug|x64.Build.0 = Debug|x64
		{E24069F6-9410-429B-B0AA-C66767C1C185}.Debug|x86.ActiveCfg = Debug|Win32
		{E24069F6-9410-429B-B0AA-C66767C1C185}.Debug|x86.Build.0 = Debug|Win32
		{E24069F6-9410-429B-B0AA-C66767C1C185}.Release|x64.ActiveCfg = Release|x64
		{E24069F6-9410-429B-B0AA-C66767C1C185}.Release|x64.Build.0 = Release|x64
		{E24069F6-9410-429B-B0AA-C66767C1C185}.Release|x86.ActiveCfg = Release|Win32
		{E24069F6-9410-429B-B0AA-C66767C1C185}.Release|x86.Build.0 = Release|Win32
		{4CD15377-DF4B-4E7E-B582-851F24933BD4}.Debug|x64.ActiveCfg = Debug|x64
		{4CD15377-DF4B-4E7E-B582-851F24933BD4}.Debug|x64.Build.0 = Debug|x64
		{4CD15377-DF4B-4E7E-B582-851F24933BD4}.Debug|x86.ActiveCfg = Debug|Win32
		{4CD15377-DF4B-4E7E-B582-851F24933BD4}.Debug|x86.Build.0 = Debug|Win32
		{4CD15377-DF4B-4E7E-B582-851F24933BD4}.Release|x64.ActiveCfg = Release|x64
		{4CD15377-DF4B-4E7E-B582-851F24933BD4}.Release|x64.Build.0 = Release|x64
		{4CD15377-DF4B-4E7E-B582-851F24933BD4}.Release|x86.ActiveCfg = Release|Win32
		{4CD15377-DF4B-4E7E-B582-851F24933BD4}.Release|x86.Build.0 = Release|Win32
		{3BF1C89B-22EE-434B-BA9D-12CE253612D8}.Debug|x64.ActiveCfg = Debug|x64
		{3BF1C89B-22EE-434B-BA9D-12CE253612D8}.Debug|x64.Build.0 = Debug|x64
		{3BF1C89B-22EE-434B-BA9D-12CE253612D8}.Debug|x86.ActiveCfg = Debug|Win32
		{3BF1C89B-22EE-434B-BA9D-12CE253612D8}.Debug|x86.Build.0 = Debug|Win32
		{3BF1C89B-22EE-434B-BA9D-12CE253612D8}.Release|x64.ActiveCfg = Release|x64
		{3BF1C89B-22EE-434B-BA9D-12CE253612D8}.Release|x64.Build.0 = Release|x64
		{3BF1C89B-22EE-434B-BA9D-12CE253612D8}.Release|x86.ActiveCfg = Release|Win32
		{3BF1C89B-22EE-434B-BA9D-12CE253612D8}.Release|x86.Build.0 = Release|Win32
		{E564F688-BD7C-41F1-8EC0-3B1C73F97398}.Debug|x64.ActiveCfg = Debug|x64
		{E564F688-BD7C-41F1-8EC0-3B1C73F97398}.Debug|x64.Build.0 = Debug|x64
		{E564F688-BD7C-41F1-8EC0-3B1C73F97398}.Debug|x86.ActiveCfg = Debug|Win32
		{E564F688-BD7C-41F1-8EC0-3B1C73F97398}.Debug|x86.Build.0 = Debug|Win32
		{E564F688-BD7C-41F1-8EC0-3B1C73F97398}.Release|x64.ActiveCfg = Release|x64
		{E564F688-BD7C-41F1-8EC0-3B1C73F97398}.Release|x64.Build.0 = Release|x64
		{E564F688-BD7C-41F1-8EC0-3B1C73F97398}.Release|x86.ActiveCfg = Release|Win32
		{E564F688-BD7C-41F1-8EC0-3B1C73F97398}.Release|x86.Build.0 = Release|Win32
		{5B807D34-9CF6-44B3-8C41-C7573079F250}.Debug|x64.ActiveCfg = Debug|x64
		{5B807D34-9CF6-44B3-8C41-C7573079F250}.Debug|x64.Build.0 = Debug|x64
		{5B807D34-9CF6-44B3-8C41-C7573079F250}.Debug|x86.ActiveCfg = Debug|Win32
		{5B807D34-9CF6-44B3-8C41-C7573079F250}.Debug|x86.Build.0 = Debug|Win32
		{5B807D34-9CF6-44B3-8C41-C7573079F250}.Release|x64.ActiveCfg = Release|x64
		{5B807D34-9CF6-44B3-8C41-C7573079F250}.Release|x64.Build.0 = Release|x64
		{5B807D34-9CF6-44B3-8C41-C7573079F250}.Release|x86.ActiveCfg = Release|Win32
		{5B807D34-9CF6-44B3-8C41-C7573079F250}.Release|x86.Build.0 = Release|Win32
		{6E49575A-82FC-423E-9F61-EACF3D20A700}.Debug|x64.ActiveCfg = Debug|x64
		{6E49575A-82FC-423E-9F61-EACF3D20A700}.Debug|x64.Build.0 = Debug|x64
		{6E49575A-82FC-423E-9F61-EACF3D20A700}.Debug|x86.ActiveCfg = Debug|Win32
		{6E49575A-82FC-423E-9F61-EACF3D20A700}.Debug|x86.Build.0 = Debug|Win32
		{6E49575A-82FC-423E-9F61-EACF3D20A700}.Release|x64.ActiveCfg = Release|x64
		{6E49575A-82FC-423E-9F61-EACF3D20A700}.Release|x64.Build.0 = Release|x64
		{6E49575A-82FC-423E-9F61-EACF3D20A700}.Release|x86.ActiveCfg = Release|Win32
		{6E49575A-82FC-423E-9F61-EACF3D20A700}.Release|x86.Build.0 = Release|Win32
		{3B6ABD55-61EB-4FD2-9D6E-B26068ACCE0C}.Debug|x64.ActiveCfg = Debug|x64
		{3B6ABD55-61EB-4FD2-9D6E-B26068ACCE0C}.Debug|x64.Build.0 = Debug|x64
		{3B6ABD55-61EB-4FD2-9D6E-B26068ACCE0C}.Debug|x86.ActiveCfg = Debug|Win32
		{3B6ABD55-61EB-4FD2-9D6E-B26068ACCE0C}.Debug|x86.Build.0 = Debug|Win32
		{3B6ABD55-61EB-4FD2-9D6E-B26068ACCE0C}.Release|x64.ActiveCfg = Release|x64
		{3B6ABD55-61EB-4FD2-9D6E-B26068ACCE0C}.Release|x64.Build.0 = Release|x64
		{3B6ABD55-61EB-4FD2-9D6E-B26068ACCE0C}.Release|x86.ActiveCfg = Release|Win32
		{3B6ABD55-61EB-4FD2-9D6E-B26068ACCE0C}.Release|x86.Build.0 = Release|Win32
		{4A35D046-18E9-4F37-8017-D23EAE3265E8}.Debug|x64.ActiveCfg = Debug|x64
		{4A35D046-18E9-4F37-8017-D23EAE3265E8}.Debug|x64.Build.0 = Debug|x64
		{4A35D046-18E9-4F37-8017-D23EAE3265E8}.Debug|x86.ActiveCfg = Debug|Win32
		{4A35D046-18E9-4F37-8017-D23EAE3265E8}.Debug|x86.Build.0 = Debug|Win32
		{4A35D046-18E9-4F37-8017-D23EAE3265E8}.Release|x64.ActiveCfg = Release|x64
		{4A35D046-18E9-4F37-8017-D23EAE3265E8}.Release|x64.Build.0 = Release|x64
		{4A35D046-18E9-4F37-8017-D23EAE3265E8}.Release|x86.ActiveCfg = Release|Win32
		{4A35D046-18E9-4F37-8017-D23EAE3265E8}.Release|x86.Build.0 = Release|Win32
	EndGlobalSection
	GlobalSection(SolutionProperties) = preSolution
		HideSolutionNode = FALSE
	EndGlobalSection
	GlobalSection(NestedProjects) = preSolution
		{DBFDA3AC-C4EB-4102-A1B5-8EA56B8FFFDD} = {097CAC70-1BAD-4153-BF4C-A50D6A93A724}
		{C64611A8-0EFE-46EF-B3D8-9ADAEBA820C4} = {F8ABC324-608C-45E3-8864-55C21BF1E751}
		{A468A044-BDB2-4B41-9C11-628A1D75BBAD} = {03B954B6-B10A-49C9-86E3-FDC5A0A41101}
	EndGlobalSection
	GlobalSection(ExtensibilityGlobals) = postSolution
		SolutionGuid = {03262897-CF61-4ED8-A5F7-55A8124098A4}
	EndGlobalSection
EndGlobal
