
Microsoft Visual Studio Solution File, Format Version 12.00
# Visual Studio Version 17
VisualStudioVersion = 17.10.34928.147
MinimumVisualStudioVersion = 10.0.40219.1
Project("{8BC9CEB8-8B4A-11D0-8D11-00A0C91BC942}") = "ProjectCpp", "ProjectCpp.vcxproj", "{1BD3135C-0996-4EF3-8BC7-529F6207F605}"
EndProject
Project("{2150E333-8FDC-42A3-9474-1A3956D46DE8}") = "CH1", "CH1", "{A0AE4E4F-A49A-4D7D-8A17-4F9B251ADA53}"
EndProject
Project("{8BC9CEB8-8B4A-11D0-8D11-00A0C91BC942}") = "Ch1", "..\Ch1\Ch1.vcxproj", "{D9DF8D40-D1BE-4AA0-BD43-781EA888E3D4}"
EndProject
Project("{2150E333-8FDC-42A3-9474-1A3956D46DE8}") = "ToyProject01", "ToyProject01", "{D49B2303-6D2D-43F2-8282-B5493358207E}"
EndProject
Project("{8BC9CEB8-8B4A-11D0-8D11-00A0C91BC942}") = "SnakeGame", "..\SnakeGame\SnakeGame.vcxproj", "{8B4FB85D-73C3-47B3-8B8E-FFC9A8871CB0}"
EndProject
Project("{2150E333-8FDC-42A3-9474-1A3956D46DE8}") = "CH3", "CH3", "{FEB73671-4535-4BC3-AA6C-20586C02A4B6}"
EndProject
Project("{8BC9CEB8-8B4A-11D0-8D11-00A0C91BC942}") = "Ch3", "..\Ch3\Ch3.vcxproj", "{B80B8734-0BBA-4CE8-92E7-2D6CCAC15DF7}"
EndProject
Project("{2150E333-8FDC-42A3-9474-1A3956D46DE8}") = "CH5", "CH5", "{4238E824-1F6A-46AA-9D65-0A0114D62174}"
EndProject
Project("{8BC9CEB8-8B4A-11D0-8D11-00A0C91BC942}") = "Ch5", "..\Ch5\Ch5.vcxproj", "{B8CF61A0-CF68-4DED-8950-F9C371B6054E}"
EndProject
Project("{2150E333-8FDC-42A3-9474-1A3956D46DE8}") = "Run", "Run", "{AFA3CB93-A2A8-4D86-967A-E25AC34B61D4}"
EndProject
Project("{8BC9CEB8-8B4A-11D0-8D11-00A0C91BC942}") = "RunnerGame", "..\RunnerGame\RunnerGame.vcxproj", "{2C5FF132-7998-4B87-9790-5395AB5E440D}"
EndProject
Project("{8BC9CEB8-8B4A-11D0-8D11-00A0C91BC942}") = "StoryTelling", "..\StoryTelling\StoryTelling.vcxproj", "{8956EAB8-6104-466A-86BD-1EAD9D497CA1}"
EndProject
Global
	GlobalSection(SolutionConfigurationPlatforms) = preSolution
		Debug|x64 = Debug|x64
		Debug|x86 = Debug|x86
		Release|x64 = Release|x64
		Release|x86 = Release|x86
	EndGlobalSection
	GlobalSection(ProjectConfigurationPlatforms) = postSolution
		{1BD3135C-0996-4EF3-8BC7-529F6207F605}.Debug|x64.ActiveCfg = Debug|x64
		{1BD3135C-0996-4EF3-8BC7-529F6207F605}.Debug|x64.Build.0 = Debug|x64
		{1BD3135C-0996-4EF3-8BC7-529F6207F605}.Debug|x86.ActiveCfg = Debug|Win32
		{1BD3135C-0996-4EF3-8BC7-529F6207F605}.Debug|x86.Build.0 = Debug|Win32
		{1BD3135C-0996-4EF3-8BC7-529F6207F605}.Release|x64.ActiveCfg = Release|x64
		{1BD3135C-0996-4EF3-8BC7-529F6207F605}.Release|x64.Build.0 = Release|x64
		{1BD3135C-0996-4EF3-8BC7-529F6207F605}.Release|x86.ActiveCfg = Release|Win32
		{1BD3135C-0996-4EF3-8BC7-529F6207F605}.Release|x86.Build.0 = Release|Win32
		{D9DF8D40-D1BE-4AA0-BD43-781EA888E3D4}.Debug|x64.ActiveCfg = Debug|x64
		{D9DF8D40-D1BE-4AA0-BD43-781EA888E3D4}.Debug|x64.Build.0 = Debug|x64
		{D9DF8D40-D1BE-4AA0-BD43-781EA888E3D4}.Debug|x86.ActiveCfg = Debug|Win32
		{D9DF8D40-D1BE-4AA0-BD43-781EA888E3D4}.Debug|x86.Build.0 = Debug|Win32
		{D9DF8D40-D1BE-4AA0-BD43-781EA888E3D4}.Release|x64.ActiveCfg = Release|x64
		{D9DF8D40-D1BE-4AA0-BD43-781EA888E3D4}.Release|x64.Build.0 = Release|x64
		{D9DF8D40-D1BE-4AA0-BD43-781EA888E3D4}.Release|x86.ActiveCfg = Release|Win32
		{D9DF8D40-D1BE-4AA0-BD43-781EA888E3D4}.Release|x86.Build.0 = Release|Win32
		{8B4FB85D-73C3-47B3-8B8E-FFC9A8871CB0}.Debug|x64.ActiveCfg = Debug|x64
		{8B4FB85D-73C3-47B3-8B8E-FFC9A8871CB0}.Debug|x64.Build.0 = Debug|x64
		{8B4FB85D-73C3-47B3-8B8E-FFC9A8871CB0}.Debug|x86.ActiveCfg = Debug|Win32
		{8B4FB85D-73C3-47B3-8B8E-FFC9A8871CB0}.Debug|x86.Build.0 = Debug|Win32
		{8B4FB85D-73C3-47B3-8B8E-FFC9A8871CB0}.Release|x64.ActiveCfg = Release|x64
		{8B4FB85D-73C3-47B3-8B8E-FFC9A8871CB0}.Release|x64.Build.0 = Release|x64
		{8B4FB85D-73C3-47B3-8B8E-FFC9A8871CB0}.Release|x86.ActiveCfg = Release|Win32
		{8B4FB85D-73C3-47B3-8B8E-FFC9A8871CB0}.Release|x86.Build.0 = Release|Win32
		{B80B8734-0BBA-4CE8-92E7-2D6CCAC15DF7}.Debug|x64.ActiveCfg = Debug|x64
		{B80B8734-0BBA-4CE8-92E7-2D6CCAC15DF7}.Debug|x64.Build.0 = Debug|x64
		{B80B8734-0BBA-4CE8-92E7-2D6CCAC15DF7}.Debug|x86.ActiveCfg = Debug|Win32
		{B80B8734-0BBA-4CE8-92E7-2D6CCAC15DF7}.Debug|x86.Build.0 = Debug|Win32
		{B80B8734-0BBA-4CE8-92E7-2D6CCAC15DF7}.Release|x64.ActiveCfg = Release|x64
		{B80B8734-0BBA-4CE8-92E7-2D6CCAC15DF7}.Release|x64.Build.0 = Release|x64
		{B80B8734-0BBA-4CE8-92E7-2D6CCAC15DF7}.Release|x86.ActiveCfg = Release|Win32
		{B80B8734-0BBA-4CE8-92E7-2D6CCAC15DF7}.Release|x86.Build.0 = Release|Win32
		{B8CF61A0-CF68-4DED-8950-F9C371B6054E}.Debug|x64.ActiveCfg = Debug|x64
		{B8CF61A0-CF68-4DED-8950-F9C371B6054E}.Debug|x64.Build.0 = Debug|x64
		{B8CF61A0-CF68-4DED-8950-F9C371B6054E}.Debug|x86.ActiveCfg = Debug|Win32
		{B8CF61A0-CF68-4DED-8950-F9C371B6054E}.Debug|x86.Build.0 = Debug|Win32
		{B8CF61A0-CF68-4DED-8950-F9C371B6054E}.Release|x64.ActiveCfg = Release|x64
		{B8CF61A0-CF68-4DED-8950-F9C371B6054E}.Release|x64.Build.0 = Release|x64
		{B8CF61A0-CF68-4DED-8950-F9C371B6054E}.Release|x86.ActiveCfg = Release|Win32
		{B8CF61A0-CF68-4DED-8950-F9C371B6054E}.Release|x86.Build.0 = Release|Win32
		{2C5FF132-7998-4B87-9790-5395AB5E440D}.Debug|x64.ActiveCfg = Debug|x64
		{2C5FF132-7998-4B87-9790-5395AB5E440D}.Debug|x64.Build.0 = Debug|x64
		{2C5FF132-7998-4B87-9790-5395AB5E440D}.Debug|x86.ActiveCfg = Debug|Win32
		{2C5FF132-7998-4B87-9790-5395AB5E440D}.Debug|x86.Build.0 = Debug|Win32
		{2C5FF132-7998-4B87-9790-5395AB5E440D}.Release|x64.ActiveCfg = Release|x64
		{2C5FF132-7998-4B87-9790-5395AB5E440D}.Release|x64.Build.0 = Release|x64
		{2C5FF132-7998-4B87-9790-5395AB5E440D}.Release|x86.ActiveCfg = Release|Win32
		{2C5FF132-7998-4B87-9790-5395AB5E440D}.Release|x86.Build.0 = Release|Win32
		{8956EAB8-6104-466A-86BD-1EAD9D497CA1}.Debug|x64.ActiveCfg = Debug|x64
		{8956EAB8-6104-466A-86BD-1EAD9D497CA1}.Debug|x64.Build.0 = Debug|x64
		{8956EAB8-6104-466A-86BD-1EAD9D497CA1}.Debug|x86.ActiveCfg = Debug|Win32
		{8956EAB8-6104-466A-86BD-1EAD9D497CA1}.Debug|x86.Build.0 = Debug|Win32
		{8956EAB8-6104-466A-86BD-1EAD9D497CA1}.Release|x64.ActiveCfg = Release|x64
		{8956EAB8-6104-466A-86BD-1EAD9D497CA1}.Release|x64.Build.0 = Release|x64
		{8956EAB8-6104-466A-86BD-1EAD9D497CA1}.Release|x86.ActiveCfg = Release|Win32
		{8956EAB8-6104-466A-86BD-1EAD9D497CA1}.Release|x86.Build.0 = Release|Win32
	EndGlobalSection
	GlobalSection(SolutionProperties) = preSolution
		HideSolutionNode = FALSE
	EndGlobalSection
	GlobalSection(NestedProjects) = preSolution
		{D9DF8D40-D1BE-4AA0-BD43-781EA888E3D4} = {A0AE4E4F-A49A-4D7D-8A17-4F9B251ADA53}
		{8B4FB85D-73C3-47B3-8B8E-FFC9A8871CB0} = {D49B2303-6D2D-43F2-8282-B5493358207E}
		{B80B8734-0BBA-4CE8-92E7-2D6CCAC15DF7} = {FEB73671-4535-4BC3-AA6C-20586C02A4B6}
		{B8CF61A0-CF68-4DED-8950-F9C371B6054E} = {4238E824-1F6A-46AA-9D65-0A0114D62174}
		{2C5FF132-7998-4B87-9790-5395AB5E440D} = {AFA3CB93-A2A8-4D86-967A-E25AC34B61D4}
	EndGlobalSection
	GlobalSection(ExtensibilityGlobals) = postSolution
		SolutionGuid = {F9D4D7B9-771D-477D-AA3E-0114C08F2087}
	EndGlobalSection
EndGlobal
